
Microsoft Visual Studio Solution File, Format Version 12.00
# Visual Studio Version 17
VisualStudioVersion = 17.5.33414.496
MinimumVisualStudioVersion = 10.0.40219.1
Project("{FAE04EC0-301F-11D3-BF4B-00C04F79EFBC}") = "CabInvoiceGeneratorDemo", "CabInvoiceGeneratorDemo.csproj", "{1F19C0DD-BEB8-439D-B900-1069059072B5}"
EndProject
Project("{FAE04EC0-301F-11D3-BF4B-00C04F79EFBC}") = "CabInvoiceGeneratorTest", "..\CabInvoiceGeneratorTest\CabInvoiceGeneratorTest.csproj", "{25F643CB-FAF6-4932-8DEA-71897BF4202D}"
EndProject
Global
	GlobalSection(SolutionConfigurationPlatforms) = preSolution
		Debug|Any CPU = Debug|Any CPU
		Release|Any CPU = Release|Any CPU
	EndGlobalSection
	GlobalSection(ProjectConfigurationPlatforms) = postSolution
		{1F19C0DD-BEB8-439D-B900-1069059072B5}.Debug|Any CPU.ActiveCfg = Debug|Any CPU
		{1F19C0DD-BEB8-439D-B900-1069059072B5}.Debug|Any CPU.Build.0 = Debug|Any CPU
		{1F19C0DD-BEB8-439D-B900-1069059072B5}.Release|Any CPU.ActiveCfg = Release|Any CPU
		{1F19C0DD-BEB8-439D-B900-1069059072B5}.Release|Any CPU.Build.0 = Release|Any CPU
		{25F643CB-FAF6-4932-8DEA-71897BF4202D}.Debug|Any CPU.ActiveCfg = Debug|Any CPU
		{25F643CB-FAF6-4932-8DEA-71897BF4202D}.Debug|Any CPU.Build.0 = Debug|Any CPU
		{25F643CB-FAF6-4932-8DEA-71897BF4202D}.Release|Any CPU.ActiveCfg = Release|Any CPU
		{25F643CB-FAF6-4932-8DEA-71897BF4202D}.Release|Any CPU.Build.0 = Release|Any CPU
	EndGlobalSection
	GlobalSection(SolutionProperties) = preSolution
		HideSolutionNode = FALSE
	EndGlobalSection
	GlobalSection(ExtensibilityGlobals) = postSolution
		SolutionGuid = {43B8CEE0-CBF1-4098-8ED1-A223931551A5}
	EndGlobalSection
EndGlobal
